# This file is autogenerated, do not edit; changes may be undone by the next 'dep ensure'.


[[projects]]
  name = "cloud.google.com/go"
  packages = ["compute/metadata"]
  revision = "4b98a6370e36d7a85192e7bad08a4ebd82eac2a8"
  version = "v0.20.0"

[[projects]]
  branch = "master"
  name = "github.com/apache/beam"
  packages = [
    "sdks/go/pkg/beam",
    "sdks/go/pkg/beam/artifact",
    "sdks/go/pkg/beam/core/funcx",
    "sdks/go/pkg/beam/core/graph",
    "sdks/go/pkg/beam/core/graph/coder",
    "sdks/go/pkg/beam/core/graph/window",
    "sdks/go/pkg/beam/core/runtime",
    "sdks/go/pkg/beam/core/runtime/coderx",
    "sdks/go/pkg/beam/core/runtime/exec",
    "sdks/go/pkg/beam/core/runtime/exec/optimized",
    "sdks/go/pkg/beam/core/runtime/graphx",
    "sdks/go/pkg/beam/core/runtime/graphx/v1",
    "sdks/go/pkg/beam/core/runtime/harness",
    "sdks/go/pkg/beam/core/runtime/harness/init",
    "sdks/go/pkg/beam/core/runtime/harness/session",
    "sdks/go/pkg/beam/core/typex",
    "sdks/go/pkg/beam/core/util/dot",
    "sdks/go/pkg/beam/core/util/ioutilx",
    "sdks/go/pkg/beam/core/util/protox",
    "sdks/go/pkg/beam/core/util/reflectx",
    "sdks/go/pkg/beam/core/util/symtab",
    "sdks/go/pkg/beam/io/textio",
    "sdks/go/pkg/beam/io/textio/gcs",
    "sdks/go/pkg/beam/io/textio/local",
    "sdks/go/pkg/beam/log",
    "sdks/go/pkg/beam/model/fnexecution_v1",
    "sdks/go/pkg/beam/model/jobmanagement_v1",
    "sdks/go/pkg/beam/model/pipeline_v1",
    "sdks/go/pkg/beam/options/gcpopts",
    "sdks/go/pkg/beam/options/jobopts",
    "sdks/go/pkg/beam/provision",
    "sdks/go/pkg/beam/runners/dataflow",
    "sdks/go/pkg/beam/runners/direct",
    "sdks/go/pkg/beam/runners/dot",
    "sdks/go/pkg/beam/runners/flink",
    "sdks/go/pkg/beam/runners/universal",
    "sdks/go/pkg/beam/runners/universal/runnerlib",
    "sdks/go/pkg/beam/util/errorx",
    "sdks/go/pkg/beam/util/gcsx",
    "sdks/go/pkg/beam/util/grpcx",
    "sdks/go/pkg/beam/x/beamx",
    "sdks/go/pkg/beam/x/debug"
  ]
  revision = "068c76ab8d3e3b2c0bcb0a72dba71c47f732f0f3"

[[projects]]
  name = "github.com/golang/protobuf"
  packages = [
    "jsonpb",
    "proto",
    "ptypes",
    "ptypes/any",
    "ptypes/duration",
    "ptypes/struct",
    "ptypes/timestamp",
    "ptypes/wrappers"
  ]
  revision = "925541529c1fa6821df4e44ce2723319eb2be768"
  version = "v1.0.0"

[[projects]]
  name = "go.opencensus.io"
  packages = [
    "exporter/stackdriver/propagation",
    "internal",
    "internal/tagencoding",
    "plugin/ochttp",
    "plugin/ochttp/propagation/b3",
    "stats",
    "stats/internal",
    "stats/view",
    "tag",
    "trace",
    "trace/propagation"
  ]
  revision = "6e3f034057826b530038d93267906ec3c012183f"
  version = "v0.6.0"

[[projects]]
  branch = "master"
  name = "golang.org/x/net"
  packages = [
    "context",
    "context/ctxhttp",
    "http2",
    "http2/hpack",
    "idna",
    "internal/timeseries",
    "lex/httplex",
    "trace"
  ]
  revision = "6078986fec03a1dcc236c34816c71b0e05018fda"

[[projects]]
  branch = "master"
  name = "golang.org/x/oauth2"
  packages = [
    ".",
    "google",
    "internal",
    "jws",
    "jwt"
  ]
  revision = "fdc9e635145ae97e6c2cb777c48305600cf515cb"

[[projects]]
  name = "golang.org/x/text"
  packages = [
    "collate",
    "collate/build",
    "internal/colltab",
    "internal/gen",
    "internal/tag",
    "internal/triegen",
    "internal/ucd",
    "language",
    "secure/bidirule",
    "transform",
    "unicode/bidi",
    "unicode/cldr",
    "unicode/norm",
    "unicode/rangetable"
  ]
  revision = "f21a4dfb5e38f5895301dc265a8def02365cc3d0"
  version = "v0.3.0"

[[projects]]
  branch = "master"
  name = "google.golang.org/api"
  packages = [
    "dataflow/v1b3",
    "gensupport",
    "googleapi",
    "googleapi/internal/uritemplates",
    "googleapi/transport",
    "internal",
    "option",
    "storage/v1",
    "transport/http"
  ]
  revision = "24928b980e6919be4c72647aacd53ebcbb8c4bab"

[[projects]]
  name = "google.golang.org/appengine"
  packages = [
    ".",
    "internal",
    "internal/app_identity",
    "internal/base",
    "internal/datastore",
    "internal/log",
    "internal/modules",
    "internal/remote_api",
    "internal/urlfetch",
    "urlfetch"
  ]
  revision = "150dc57a1b433e64154302bdc40b6bb8aefa313a"
  version = "v1.0.0"

[[projects]]
  branch = "master"
  name = "google.golang.org/genproto"
  packages = ["googleapis/rpc/status"]
  revision = "f8c8703595236ae70fdf8789ecb656ea0bcdcf46"

[[projects]]
  name = "google.golang.org/grpc"
  packages = [
    ".",
    "balancer",
    "balancer/base",
    "balancer/roundrobin",
    "codes",
    "connectivity",
    "credentials",
    "encoding",
    "encoding/proto",
    "grpclb/grpc_lb_v1/messages",
    "grpclog",
    "internal",
    "keepalive",
    "metadata",
    "naming",
    "peer",
    "resolver",
    "resolver/dns",
    "resolver/passthrough",
    "stats",
    "status",
    "tap",
    "transport"
  ]
  revision = "8e4536a86ab602859c20df5ebfd0bd4228d08655"
  version = "v1.10.0"

[solve-meta]
  analyzer-name = "dep"
  analyzer-version = 1
  inputs-digest = "390f3792efdcfc545640dca2791f06ddaac0b268f43e42aad6a0ce671fcf8614"
  solver-name = "gps-cdcl"
  solver-version = 1
